
Microsoft Visual Studio Solution File, Format Version 12.00
# Visual Studio Version 17
VisualStudioVersion = 17.6.33829.357
MinimumVisualStudioVersion = 10.0.40219.1
Project("{2150E333-8FDC-42A3-9474-1A3956D46DE8}") = "Snippets", "Snippets", "{2106731B-B8CB-4F16-A996-35BFD9B10235}"
	ProjectSection(SolutionItems) = preProject
		Snippets\Copyright.snippet = Snippets\Copyright.snippet
		Snippets\Inheritdoc.snippet = Snippets\Inheritdoc.snippet
	EndProjectSection
EndProject
Project("{2150E333-8FDC-42A3-9474-1A3956D46DE8}") = "EventsHandler", "EventsHandler", "{CEC16F19-AB97-4F0D-893A-54810AE488D8}"
EndProject
Project("{2150E333-8FDC-42A3-9474-1A3956D46DE8}") = "Solution Items", "Solution Items", "{CCDF09B4-80A5-4FA6-8A41-761F9965F078}"
	ProjectSection(SolutionItems) = preProject
		.dockerignore = .dockerignore
		.editorconfig = .editorconfig
		.gitignore = .gitignore
	EndProjectSection
EndProject
Project("{2150E333-8FDC-42A3-9474-1A3956D46DE8}") = "Tests", "Tests", "{3C6C1913-1928-4725-A8A8-45B438E8479B}"
EndProject
Project("{2150E333-8FDC-42A3-9474-1A3956D46DE8}") = "Documentation", "Documentation", "{4CDA0FA4-7EDE-4970-8AEB-EFAB24B71F14}"
	ProjectSection(SolutionItems) = preProject
		Documentation\OMC - Documentation.md = Documentation\OMC - Documentation.md
	EndProjectSection
EndProject
Project("{2150E333-8FDC-42A3-9474-1A3956D46DE8}") = "Core", "Core", "{7178BAE9-13C2-4426-A0AC-C7BCE471856A}"
EndProject
Project("{2150E333-8FDC-42A3-9474-1A3956D46DE8}") = "Application", "Application", "{671ACD38-5E5C-42B0-948B-84C191C9B9E0}"
EndProject
Project("{2150E333-8FDC-42A3-9474-1A3956D46DE8}") = "Domain", "Domain", "{10BF9C43-D441-4DCE-949E-77EB3C838307}"
EndProject
Project("{2150E333-8FDC-42A3-9474-1A3956D46DE8}") = "Core", "Core", "{EC60BC06-A938-4D6C-BB62-768675AA578E}"
EndProject
Project("{2150E333-8FDC-42A3-9474-1A3956D46DE8}") = "Application", "Application", "{87E18D1F-C807-42CA-B2E3-413EC8CB51FC}"
EndProject
Project("{2150E333-8FDC-42A3-9474-1A3956D46DE8}") = "Domain", "Domain", "{713B1DC7-1A87-44EF-BF40-E72836CF8007}"
EndProject
Project("{9A19103F-16F7-4668-BE54-9A1E7A4F7556}") = "EventsHandler", "EventsHandler\Core\Domain\EventsHandler\EventsHandler.csproj", "{8C998E9A-D0E0-4B05-9C5C-DF61C312EAF5}"
EndProject
Project("{9A19103F-16F7-4668-BE54-9A1E7A4F7556}") = "EventsHandler.Tests.Integration", "EventsHandler\Tests\Core\Domain\EventsHandler.IntegrationTests\EventsHandler.Tests.Integration.csproj", "{6172DA62-1F81-458C-AF8E-8F7C51AFB16D}"
EndProject
Project("{9A19103F-16F7-4668-BE54-9A1E7A4F7556}") = "EventsHandler.Tests.Unit", "EventsHandler\Tests\Core\Domain\EventsHandler.UnitTests\EventsHandler.Tests.Unit.csproj", "{DD0B02B7-2511-476D-AED5-1BE2E89B1C13}"
EndProject
Project("{9A19103F-16F7-4668-BE54-9A1E7A4F7556}") = "EventsHandler.Tests.Utilities", "EventsHandler\Tests\Core\Domain\EventsHandler.Utilities\EventsHandler.Tests.Utilities.csproj", "{0AB2C11E-F344-48B1-AE43-CC5278124A0F}"
EndProject
Project("{9A19103F-16F7-4668-BE54-9A1E7A4F7556}") = "Common.Tests.Utilities", "EventsHandler\Tests\Core\Application\Common.Utilities\Common.Tests.Utilities.csproj", "{E337A30B-C49E-4AA5-AAC7-53D292D3CE4C}"
EndProject
Project("{9A19103F-16F7-4668-BE54-9A1E7A4F7556}") = "Common.Tests.Unit", "EventsHandler\Tests\Core\Application\Common.UnitTests\Common.Tests.Unit.csproj", "{7A4D4FC3-B98D-4718-8C1E-5126290965A2}"
EndProject
Project("{9A19103F-16F7-4668-BE54-9A1E7A4F7556}") = "Common", "EventsHandler\Core\Application\Common\Common.csproj", "{F73B58B4-D433-48C8-A408-502BFD4B8660}"
EndProject
Project("{9A19103F-16F7-4668-BE54-9A1E7A4F7556}") = "SecretsManager", "EventsHandler\Core\Domain\SecretsManager\SecretsManager.csproj", "{2A56B0A8-DC38-4006-8F52-4267A732EBAA}"
EndProject
Global
	GlobalSection(SolutionConfigurationPlatforms) = preSolution
		Debug|Any CPU = Debug|Any CPU
		Release|Any CPU = Release|Any CPU
	EndGlobalSection
	GlobalSection(ProjectConfigurationPlatforms) = postSolution
		{8C998E9A-D0E0-4B05-9C5C-DF61C312EAF5}.Debug|Any CPU.ActiveCfg = Debug|Any CPU
		{8C998E9A-D0E0-4B05-9C5C-DF61C312EAF5}.Debug|Any CPU.Build.0 = Debug|Any CPU
		{8C998E9A-D0E0-4B05-9C5C-DF61C312EAF5}.Release|Any CPU.ActiveCfg = Release|Any CPU
		{8C998E9A-D0E0-4B05-9C5C-DF61C312EAF5}.Release|Any CPU.Build.0 = Release|Any CPU
		{6172DA62-1F81-458C-AF8E-8F7C51AFB16D}.Debug|Any CPU.ActiveCfg = Debug|Any CPU
		{6172DA62-1F81-458C-AF8E-8F7C51AFB16D}.Debug|Any CPU.Build.0 = Debug|Any CPU
		{6172DA62-1F81-458C-AF8E-8F7C51AFB16D}.Release|Any CPU.ActiveCfg = Release|Any CPU
		{6172DA62-1F81-458C-AF8E-8F7C51AFB16D}.Release|Any CPU.Build.0 = Release|Any CPU
		{DD0B02B7-2511-476D-AED5-1BE2E89B1C13}.Debug|Any CPU.ActiveCfg = Debug|Any CPU
		{DD0B02B7-2511-476D-AED5-1BE2E89B1C13}.Debug|Any CPU.Build.0 = Debug|Any CPU
		{DD0B02B7-2511-476D-AED5-1BE2E89B1C13}.Release|Any CPU.ActiveCfg = Release|Any CPU
		{DD0B02B7-2511-476D-AED5-1BE2E89B1C13}.Release|Any CPU.Build.0 = Release|Any CPU
		{0AB2C11E-F344-48B1-AE43-CC5278124A0F}.Debug|Any CPU.ActiveCfg = Debug|Any CPU
		{0AB2C11E-F344-48B1-AE43-CC5278124A0F}.Debug|Any CPU.Build.0 = Debug|Any CPU
		{0AB2C11E-F344-48B1-AE43-CC5278124A0F}.Release|Any CPU.ActiveCfg = Release|Any CPU
		{0AB2C11E-F344-48B1-AE43-CC5278124A0F}.Release|Any CPU.Build.0 = Release|Any CPU
		{E337A30B-C49E-4AA5-AAC7-53D292D3CE4C}.Debug|Any CPU.ActiveCfg = Debug|Any CPU
		{E337A30B-C49E-4AA5-AAC7-53D292D3CE4C}.Debug|Any CPU.Build.0 = Debug|Any CPU
		{E337A30B-C49E-4AA5-AAC7-53D292D3CE4C}.Release|Any CPU.ActiveCfg = Release|Any CPU
		{E337A30B-C49E-4AA5-AAC7-53D292D3CE4C}.Release|Any CPU.Build.0 = Release|Any CPU
		{7A4D4FC3-B98D-4718-8C1E-5126290965A2}.Debug|Any CPU.ActiveCfg = Debug|Any CPU
		{7A4D4FC3-B98D-4718-8C1E-5126290965A2}.Debug|Any CPU.Build.0 = Debug|Any CPU
		{7A4D4FC3-B98D-4718-8C1E-5126290965A2}.Release|Any CPU.ActiveCfg = Release|Any CPU
		{7A4D4FC3-B98D-4718-8C1E-5126290965A2}.Release|Any CPU.Build.0 = Release|Any CPU
		{F73B58B4-D433-48C8-A408-502BFD4B8660}.Debug|Any CPU.ActiveCfg = Debug|Any CPU
		{F73B58B4-D433-48C8-A408-502BFD4B8660}.Debug|Any CPU.Build.0 = Debug|Any CPU
		{F73B58B4-D433-48C8-A408-502BFD4B8660}.Release|Any CPU.ActiveCfg = Release|Any CPU
		{F73B58B4-D433-48C8-A408-502BFD4B8660}.Release|Any CPU.Build.0 = Release|Any CPU
		{2A56B0A8-DC38-4006-8F52-4267A732EBAA}.Debug|Any CPU.ActiveCfg = Debug|Any CPU
		{2A56B0A8-DC38-4006-8F52-4267A732EBAA}.Debug|Any CPU.Build.0 = Debug|Any CPU
		{2A56B0A8-DC38-4006-8F52-4267A732EBAA}.Release|Any CPU.ActiveCfg = Release|Any CPU
		{2A56B0A8-DC38-4006-8F52-4267A732EBAA}.Release|Any CPU.Build.0 = Release|Any CPU
	EndGlobalSection
	GlobalSection(SolutionProperties) = preSolution
		HideSolutionNode = FALSE
	EndGlobalSection
	GlobalSection(NestedProjects) = preSolution
		{3C6C1913-1928-4725-A8A8-45B438E8479B} = {CEC16F19-AB97-4F0D-893A-54810AE488D8}
		{7178BAE9-13C2-4426-A0AC-C7BCE471856A} = {CEC16F19-AB97-4F0D-893A-54810AE488D8}
		{671ACD38-5E5C-42B0-948B-84C191C9B9E0} = {7178BAE9-13C2-4426-A0AC-C7BCE471856A}
		{10BF9C43-D441-4DCE-949E-77EB3C838307} = {7178BAE9-13C2-4426-A0AC-C7BCE471856A}
		{EC60BC06-A938-4D6C-BB62-768675AA578E} = {3C6C1913-1928-4725-A8A8-45B438E8479B}
		{87E18D1F-C807-42CA-B2E3-413EC8CB51FC} = {EC60BC06-A938-4D6C-BB62-768675AA578E}
		{713B1DC7-1A87-44EF-BF40-E72836CF8007} = {EC60BC06-A938-4D6C-BB62-768675AA578E}
		{8C998E9A-D0E0-4B05-9C5C-DF61C312EAF5} = {10BF9C43-D441-4DCE-949E-77EB3C838307}
		{6172DA62-1F81-458C-AF8E-8F7C51AFB16D} = {713B1DC7-1A87-44EF-BF40-E72836CF8007}
		{DD0B02B7-2511-476D-AED5-1BE2E89B1C13} = {713B1DC7-1A87-44EF-BF40-E72836CF8007}
		{0AB2C11E-F344-48B1-AE43-CC5278124A0F} = {713B1DC7-1A87-44EF-BF40-E72836CF8007}
		{E337A30B-C49E-4AA5-AAC7-53D292D3CE4C} = {87E18D1F-C807-42CA-B2E3-413EC8CB51FC}
		{7A4D4FC3-B98D-4718-8C1E-5126290965A2} = {87E18D1F-C807-42CA-B2E3-413EC8CB51FC}
		{F73B58B4-D433-48C8-A408-502BFD4B8660} = {671ACD38-5E5C-42B0-948B-84C191C9B9E0}
		{2A56B0A8-DC38-4006-8F52-4267A732EBAA} = {10BF9C43-D441-4DCE-949E-77EB3C838307}
	EndGlobalSection
	GlobalSection(ExtensibilityGlobals) = postSolution
		SolutionGuid = {FA7FF699-DC1A-4496-9041-6F973951FB8E}
	EndGlobalSection
EndGlobal
