
Microsoft Visual Studio Solution File, Format Version 12.00
# Visual Studio Version 17
VisualStudioVersion = 17.6.33829.357
MinimumVisualStudioVersion = 10.0.40219.1
Project("{2150E333-8FDC-42A3-9474-1A3956D46DE8}") = "Snippets", "Snippets", "{2106731B-B8CB-4F16-A996-35BFD9B10235}"
	ProjectSection(SolutionItems) = preProject
		Snippets\Copyright.snippet = Snippets\Copyright.snippet
		Snippets\Inheritdoc.snippet = Snippets\Inheritdoc.snippet
	EndProjectSection
EndProject
Project("{2150E333-8FDC-42A3-9474-1A3956D46DE8}") = "EventsHandler", "EventsHandler", "{CEC16F19-AB97-4F0D-893A-54810AE488D8}"
EndProject
Project("{2150E333-8FDC-42A3-9474-1A3956D46DE8}") = "Solution Items", "Solution Items", "{CCDF09B4-80A5-4FA6-8A41-761F9965F078}"
	ProjectSection(SolutionItems) = preProject
		.dockerignore = .dockerignore
		.editorconfig = .editorconfig
		.gitignore = .gitignore
		Documentation\Environment variables.xlsx = Documentation\Environment variables.xlsx
	EndProjectSection
EndProject
Project("{2150E333-8FDC-42A3-9474-1A3956D46DE8}") = "Tests", "Tests", "{3C6C1913-1928-4725-A8A8-45B438E8479B}"
EndProject
Project("{2150E333-8FDC-42A3-9474-1A3956D46DE8}") = "Api", "Api", "{A388DACB-344F-43E5-9394-55112DB956B8}"
EndProject
Project("{9A19103F-16F7-4668-BE54-9A1E7A4F7556}") = "EventsHandler", "EventsHandler\Api\EventsHandler\EventsHandler.csproj", "{CE6F0291-4187-4B6D-A687-127E361DC9CF}"
EndProject
Project("{9A19103F-16F7-4668-BE54-9A1E7A4F7556}") = "EventsHandler.UnitTests", "EventsHandler\Tests\UnitTests\EventsHandler.Tests\EventsHandler.UnitTests.csproj", "{E33D954D-2D2D-4F67-9BBA-93F0C11ADF63}"
EndProject
Project("{2150E333-8FDC-42A3-9474-1A3956D46DE8}") = "Logic", "Logic", "{7E9E327F-2D54-4CD4-B11E-5149A835F072}"
EndProject
Project("{9A19103F-16F7-4668-BE54-9A1E7A4F7556}") = "SecretsManager", "EventsHandler\Logic\SecretsManager\SecretsManager.csproj", "{FB0FDA51-DE6D-4CA6-A4FB-C249D5B77C65}"
EndProject
Project("{9A19103F-16F7-4668-BE54-9A1E7A4F7556}") = "EventsHandler.IntegrationTests", "EventsHandler\Tests\IntegrationTests\EventsHandler.IntegrationTests\EventsHandler.IntegrationTests.csproj", "{89FD7BFF-A15D-46AA-B834-B3FF158CF9B3}"
EndProject
Project("{9A19103F-16F7-4668-BE54-9A1E7A4F7556}") = "EventsHandler.Utilities", "EventsHandler\Tests\Utilities\EventsHandler.Utilities\EventsHandler.Utilities.csproj", "{FCDF571A-2A86-412B-8F68-175496C4FC75}"
EndProject
Project("{2150E333-8FDC-42A3-9474-1A3956D46DE8}") = "Documentation", "Documentation", "{4CDA0FA4-7EDE-4970-8AEB-EFAB24B71F14}"
	ProjectSection(SolutionItems) = preProject
		Documentation\Environment variables.xlsx = Documentation\Environment variables.xlsx
	EndProjectSection
EndProject
Global
	GlobalSection(SolutionConfigurationPlatforms) = preSolution
		Debug|Any CPU = Debug|Any CPU
		Release|Any CPU = Release|Any CPU
	EndGlobalSection
	GlobalSection(ProjectConfigurationPlatforms) = postSolution
		{CE6F0291-4187-4B6D-A687-127E361DC9CF}.Debug|Any CPU.ActiveCfg = Debug|Any CPU
		{CE6F0291-4187-4B6D-A687-127E361DC9CF}.Debug|Any CPU.Build.0 = Debug|Any CPU
		{CE6F0291-4187-4B6D-A687-127E361DC9CF}.Release|Any CPU.ActiveCfg = Release|Any CPU
		{CE6F0291-4187-4B6D-A687-127E361DC9CF}.Release|Any CPU.Build.0 = Release|Any CPU
		{E33D954D-2D2D-4F67-9BBA-93F0C11ADF63}.Debug|Any CPU.ActiveCfg = Debug|Any CPU
		{E33D954D-2D2D-4F67-9BBA-93F0C11ADF63}.Debug|Any CPU.Build.0 = Debug|Any CPU
		{E33D954D-2D2D-4F67-9BBA-93F0C11ADF63}.Release|Any CPU.ActiveCfg = Release|Any CPU
		{E33D954D-2D2D-4F67-9BBA-93F0C11ADF63}.Release|Any CPU.Build.0 = Release|Any CPU
		{FB0FDA51-DE6D-4CA6-A4FB-C249D5B77C65}.Debug|Any CPU.ActiveCfg = Debug|Any CPU
		{FB0FDA51-DE6D-4CA6-A4FB-C249D5B77C65}.Debug|Any CPU.Build.0 = Debug|Any CPU
		{FB0FDA51-DE6D-4CA6-A4FB-C249D5B77C65}.Release|Any CPU.ActiveCfg = Release|Any CPU
		{FB0FDA51-DE6D-4CA6-A4FB-C249D5B77C65}.Release|Any CPU.Build.0 = Release|Any CPU
		{89FD7BFF-A15D-46AA-B834-B3FF158CF9B3}.Debug|Any CPU.ActiveCfg = Debug|Any CPU
		{89FD7BFF-A15D-46AA-B834-B3FF158CF9B3}.Debug|Any CPU.Build.0 = Debug|Any CPU
		{89FD7BFF-A15D-46AA-B834-B3FF158CF9B3}.Release|Any CPU.ActiveCfg = Release|Any CPU
		{89FD7BFF-A15D-46AA-B834-B3FF158CF9B3}.Release|Any CPU.Build.0 = Release|Any CPU
		{FCDF571A-2A86-412B-8F68-175496C4FC75}.Debug|Any CPU.ActiveCfg = Debug|Any CPU
		{FCDF571A-2A86-412B-8F68-175496C4FC75}.Debug|Any CPU.Build.0 = Debug|Any CPU
		{FCDF571A-2A86-412B-8F68-175496C4FC75}.Release|Any CPU.ActiveCfg = Release|Any CPU
		{FCDF571A-2A86-412B-8F68-175496C4FC75}.Release|Any CPU.Build.0 = Release|Any CPU
	EndGlobalSection
	GlobalSection(SolutionProperties) = preSolution
		HideSolutionNode = FALSE
	EndGlobalSection
	GlobalSection(NestedProjects) = preSolution
		{3C6C1913-1928-4725-A8A8-45B438E8479B} = {CEC16F19-AB97-4F0D-893A-54810AE488D8}
		{A388DACB-344F-43E5-9394-55112DB956B8} = {CEC16F19-AB97-4F0D-893A-54810AE488D8}
		{CE6F0291-4187-4B6D-A687-127E361DC9CF} = {A388DACB-344F-43E5-9394-55112DB956B8}
		{E33D954D-2D2D-4F67-9BBA-93F0C11ADF63} = {3C6C1913-1928-4725-A8A8-45B438E8479B}
		{7E9E327F-2D54-4CD4-B11E-5149A835F072} = {CEC16F19-AB97-4F0D-893A-54810AE488D8}
		{FB0FDA51-DE6D-4CA6-A4FB-C249D5B77C65} = {7E9E327F-2D54-4CD4-B11E-5149A835F072}
		{89FD7BFF-A15D-46AA-B834-B3FF158CF9B3} = {3C6C1913-1928-4725-A8A8-45B438E8479B}
		{FCDF571A-2A86-412B-8F68-175496C4FC75} = {3C6C1913-1928-4725-A8A8-45B438E8479B}
	EndGlobalSection
	GlobalSection(ExtensibilityGlobals) = postSolution
		SolutionGuid = {FA7FF699-DC1A-4496-9041-6F973951FB8E}
	EndGlobalSection
EndGlobal
