
Microsoft Visual Studio Solution File, Format Version 12.00
# Visual Studio Version 17
VisualStudioVersion = 17.6.33829.357
MinimumVisualStudioVersion = 10.0.40219.1
Project("{2150E333-8FDC-42A3-9474-1A3956D46DE8}") = "Snippets", "Snippets", "{2106731B-B8CB-4F16-A996-35BFD9B10235}"
	ProjectSection(SolutionItems) = preProject
		Snippets\Copyright.snippet = Snippets\Copyright.snippet
		Snippets\Inheritdoc.snippet = Snippets\Inheritdoc.snippet
	EndProjectSection
EndProject
Project("{2150E333-8FDC-42A3-9474-1A3956D46DE8}") = "OMC", "OMC", "{CEC16F19-AB97-4F0D-893A-54810AE488D8}"
EndProject
Project("{2150E333-8FDC-42A3-9474-1A3956D46DE8}") = "Solution Items", "Solution Items", "{CCDF09B4-80A5-4FA6-8A41-761F9965F078}"
	ProjectSection(SolutionItems) = preProject
		.dockerignore = .dockerignore
		.editorconfig = .editorconfig
		.gitignore = .gitignore
	EndProjectSection
EndProject
Project("{2150E333-8FDC-42A3-9474-1A3956D46DE8}") = "Tests", "Tests", "{3C6C1913-1928-4725-A8A8-45B438E8479B}"
EndProject
Project("{2150E333-8FDC-42A3-9474-1A3956D46DE8}") = "Documentation", "Documentation", "{4CDA0FA4-7EDE-4970-8AEB-EFAB24B71F14}"
	ProjectSection(SolutionItems) = preProject
		Documentation\OMC - Documentation.md = Documentation\OMC - Documentation.md
	EndProjectSection
EndProject
Project("{2150E333-8FDC-42A3-9474-1A3956D46DE8}") = "Core", "Core", "{7178BAE9-13C2-4426-A0AC-C7BCE471856A}"
EndProject
Project("{2150E333-8FDC-42A3-9474-1A3956D46DE8}") = "Application", "Application", "{671ACD38-5E5C-42B0-948B-84C191C9B9E0}"
EndProject
Project("{2150E333-8FDC-42A3-9474-1A3956D46DE8}") = "Domain", "Domain", "{10BF9C43-D441-4DCE-949E-77EB3C838307}"
EndProject
Project("{2150E333-8FDC-42A3-9474-1A3956D46DE8}") = "Core", "Core", "{EC60BC06-A938-4D6C-BB62-768675AA578E}"
EndProject
Project("{2150E333-8FDC-42A3-9474-1A3956D46DE8}") = "Application", "Application", "{87E18D1F-C807-42CA-B2E3-413EC8CB51FC}"
EndProject
Project("{2150E333-8FDC-42A3-9474-1A3956D46DE8}") = "Domain", "Domain", "{713B1DC7-1A87-44EF-BF40-E72836CF8007}"
EndProject
Project("{2150E333-8FDC-42A3-9474-1A3956D46DE8}") = "Infrastructure", "Infrastructure", "{C0AD9334-0660-4713-B97A-5CD5AE76E2B0}"
EndProject
Project("{2150E333-8FDC-42A3-9474-1A3956D46DE8}") = "Persistence", "Persistence", "{6C759DA9-CEF3-4792-9848-2DC9E04FF60C}"
EndProject
Project("{9A19103F-16F7-4668-BE54-9A1E7A4F7556}") = "Common", "OMC\Core\Application\Common\Common.csproj", "{28A2DF96-54A5-47AF-B7DD-02952E2F81BB}"
EndProject
Project("{9A19103F-16F7-4668-BE54-9A1E7A4F7556}") = "SecretsManager", "OMC\Core\Domain\SecretsManager\SecretsManager.csproj", "{81458FE0-F65F-4849-BC3B-CBAD2E7FB7CD}"
EndProject
Project("{9A19103F-16F7-4668-BE54-9A1E7A4F7556}") = "EventsHandler", "OMC\Core\Domain\EventsHandler\EventsHandler.csproj", "{30C83121-4E0C-4DB9-9491-B2867017E7BE}"
EndProject
Project("{9A19103F-16F7-4668-BE54-9A1E7A4F7556}") = "WebQueries", "OMC\Infrastructure\Persistence\WebQueries\WebQueries.csproj", "{F0DE865C-5F05-4B77-AF25-6573091B0D00}"
EndProject
Project("{9A19103F-16F7-4668-BE54-9A1E7A4F7556}") = "Common.Tests.Utilities", "OMC\Tests\Core\Application\Common.Utilities\Common.Tests.Utilities.csproj", "{A740696A-577E-4451-81D9-AEBFD0BDE301}"
EndProject
Project("{9A19103F-16F7-4668-BE54-9A1E7A4F7556}") = "Common.Tests.Unit", "OMC\Tests\Core\Application\Common.UnitTests\Common.Tests.Unit.csproj", "{462601F4-A2C9-4378-A5D6-83DBDE0D4B69}"
EndProject
Project("{9A19103F-16F7-4668-BE54-9A1E7A4F7556}") = "EventsHandler.Tests.Utilities", "OMC\Tests\Core\Domain\EventsHandler.Utilities\EventsHandler.Tests.Utilities.csproj", "{546B3496-1F15-47EE-8C28-F166AB03C01E}"
EndProject
Project("{9A19103F-16F7-4668-BE54-9A1E7A4F7556}") = "EventsHandler.Tests.Integration", "OMC\Tests\Core\Domain\EventsHandler.IntegrationTests\EventsHandler.Tests.Integration.csproj", "{8AD42C80-1687-4F9C-85D5-509194E58ED6}"
EndProject
Project("{9A19103F-16F7-4668-BE54-9A1E7A4F7556}") = "EventsHandler.Tests.Unit", "OMC\Tests\Core\Domain\EventsHandler.UnitTests\EventsHandler.Tests.Unit.csproj", "{5AE1F1F6-3EAB-4F2F-8127-EA39BF8315A4}"
EndProject
Project("{FAE04EC0-301F-11D3-BF4B-00C04F79EFBC}") = "ZhvModels", "OMC\Core\Domain\ZhvModels\ZhvModels\ZhvModels.csproj", "{ED8BB585-AE4F-4D47-BC09-48D8845ED98B}"
EndProject
Global
	GlobalSection(SolutionConfigurationPlatforms) = preSolution
		Debug|Any CPU = Debug|Any CPU
		Release|Any CPU = Release|Any CPU
	EndGlobalSection
	GlobalSection(ProjectConfigurationPlatforms) = postSolution
		{28A2DF96-54A5-47AF-B7DD-02952E2F81BB}.Debug|Any CPU.ActiveCfg = Debug|Any CPU
		{28A2DF96-54A5-47AF-B7DD-02952E2F81BB}.Debug|Any CPU.Build.0 = Debug|Any CPU
		{28A2DF96-54A5-47AF-B7DD-02952E2F81BB}.Release|Any CPU.ActiveCfg = Release|Any CPU
		{28A2DF96-54A5-47AF-B7DD-02952E2F81BB}.Release|Any CPU.Build.0 = Release|Any CPU
		{81458FE0-F65F-4849-BC3B-CBAD2E7FB7CD}.Debug|Any CPU.ActiveCfg = Debug|Any CPU
		{81458FE0-F65F-4849-BC3B-CBAD2E7FB7CD}.Debug|Any CPU.Build.0 = Debug|Any CPU
		{81458FE0-F65F-4849-BC3B-CBAD2E7FB7CD}.Release|Any CPU.ActiveCfg = Release|Any CPU
		{81458FE0-F65F-4849-BC3B-CBAD2E7FB7CD}.Release|Any CPU.Build.0 = Release|Any CPU
		{30C83121-4E0C-4DB9-9491-B2867017E7BE}.Debug|Any CPU.ActiveCfg = Debug|Any CPU
		{30C83121-4E0C-4DB9-9491-B2867017E7BE}.Debug|Any CPU.Build.0 = Debug|Any CPU
		{30C83121-4E0C-4DB9-9491-B2867017E7BE}.Release|Any CPU.ActiveCfg = Release|Any CPU
		{30C83121-4E0C-4DB9-9491-B2867017E7BE}.Release|Any CPU.Build.0 = Release|Any CPU
		{F0DE865C-5F05-4B77-AF25-6573091B0D00}.Debug|Any CPU.ActiveCfg = Debug|Any CPU
		{F0DE865C-5F05-4B77-AF25-6573091B0D00}.Debug|Any CPU.Build.0 = Debug|Any CPU
		{F0DE865C-5F05-4B77-AF25-6573091B0D00}.Release|Any CPU.ActiveCfg = Release|Any CPU
		{F0DE865C-5F05-4B77-AF25-6573091B0D00}.Release|Any CPU.Build.0 = Release|Any CPU
		{A740696A-577E-4451-81D9-AEBFD0BDE301}.Debug|Any CPU.ActiveCfg = Debug|Any CPU
		{A740696A-577E-4451-81D9-AEBFD0BDE301}.Debug|Any CPU.Build.0 = Debug|Any CPU
		{A740696A-577E-4451-81D9-AEBFD0BDE301}.Release|Any CPU.ActiveCfg = Release|Any CPU
		{A740696A-577E-4451-81D9-AEBFD0BDE301}.Release|Any CPU.Build.0 = Release|Any CPU
		{462601F4-A2C9-4378-A5D6-83DBDE0D4B69}.Debug|Any CPU.ActiveCfg = Debug|Any CPU
		{462601F4-A2C9-4378-A5D6-83DBDE0D4B69}.Debug|Any CPU.Build.0 = Debug|Any CPU
		{462601F4-A2C9-4378-A5D6-83DBDE0D4B69}.Release|Any CPU.ActiveCfg = Release|Any CPU
		{462601F4-A2C9-4378-A5D6-83DBDE0D4B69}.Release|Any CPU.Build.0 = Release|Any CPU
		{546B3496-1F15-47EE-8C28-F166AB03C01E}.Debug|Any CPU.ActiveCfg = Debug|Any CPU
		{546B3496-1F15-47EE-8C28-F166AB03C01E}.Debug|Any CPU.Build.0 = Debug|Any CPU
		{546B3496-1F15-47EE-8C28-F166AB03C01E}.Release|Any CPU.ActiveCfg = Release|Any CPU
		{546B3496-1F15-47EE-8C28-F166AB03C01E}.Release|Any CPU.Build.0 = Release|Any CPU
		{8AD42C80-1687-4F9C-85D5-509194E58ED6}.Debug|Any CPU.ActiveCfg = Debug|Any CPU
		{8AD42C80-1687-4F9C-85D5-509194E58ED6}.Debug|Any CPU.Build.0 = Debug|Any CPU
		{8AD42C80-1687-4F9C-85D5-509194E58ED6}.Release|Any CPU.ActiveCfg = Release|Any CPU
		{8AD42C80-1687-4F9C-85D5-509194E58ED6}.Release|Any CPU.Build.0 = Release|Any CPU
		{5AE1F1F6-3EAB-4F2F-8127-EA39BF8315A4}.Debug|Any CPU.ActiveCfg = Debug|Any CPU
		{5AE1F1F6-3EAB-4F2F-8127-EA39BF8315A4}.Debug|Any CPU.Build.0 = Debug|Any CPU
		{5AE1F1F6-3EAB-4F2F-8127-EA39BF8315A4}.Release|Any CPU.ActiveCfg = Release|Any CPU
		{5AE1F1F6-3EAB-4F2F-8127-EA39BF8315A4}.Release|Any CPU.Build.0 = Release|Any CPU
		{ED8BB585-AE4F-4D47-BC09-48D8845ED98B}.Debug|Any CPU.ActiveCfg = Debug|Any CPU
		{ED8BB585-AE4F-4D47-BC09-48D8845ED98B}.Debug|Any CPU.Build.0 = Debug|Any CPU
		{ED8BB585-AE4F-4D47-BC09-48D8845ED98B}.Release|Any CPU.ActiveCfg = Release|Any CPU
		{ED8BB585-AE4F-4D47-BC09-48D8845ED98B}.Release|Any CPU.Build.0 = Release|Any CPU
	EndGlobalSection
	GlobalSection(SolutionProperties) = preSolution
		HideSolutionNode = FALSE
	EndGlobalSection
	GlobalSection(NestedProjects) = preSolution
		{3C6C1913-1928-4725-A8A8-45B438E8479B} = {CEC16F19-AB97-4F0D-893A-54810AE488D8}
		{7178BAE9-13C2-4426-A0AC-C7BCE471856A} = {CEC16F19-AB97-4F0D-893A-54810AE488D8}
		{671ACD38-5E5C-42B0-948B-84C191C9B9E0} = {7178BAE9-13C2-4426-A0AC-C7BCE471856A}
		{10BF9C43-D441-4DCE-949E-77EB3C838307} = {7178BAE9-13C2-4426-A0AC-C7BCE471856A}
		{EC60BC06-A938-4D6C-BB62-768675AA578E} = {3C6C1913-1928-4725-A8A8-45B438E8479B}
		{87E18D1F-C807-42CA-B2E3-413EC8CB51FC} = {EC60BC06-A938-4D6C-BB62-768675AA578E}
		{713B1DC7-1A87-44EF-BF40-E72836CF8007} = {EC60BC06-A938-4D6C-BB62-768675AA578E}
		{C0AD9334-0660-4713-B97A-5CD5AE76E2B0} = {CEC16F19-AB97-4F0D-893A-54810AE488D8}
		{6C759DA9-CEF3-4792-9848-2DC9E04FF60C} = {C0AD9334-0660-4713-B97A-5CD5AE76E2B0}
		{28A2DF96-54A5-47AF-B7DD-02952E2F81BB} = {671ACD38-5E5C-42B0-948B-84C191C9B9E0}
		{81458FE0-F65F-4849-BC3B-CBAD2E7FB7CD} = {10BF9C43-D441-4DCE-949E-77EB3C838307}
		{30C83121-4E0C-4DB9-9491-B2867017E7BE} = {10BF9C43-D441-4DCE-949E-77EB3C838307}
		{F0DE865C-5F05-4B77-AF25-6573091B0D00} = {6C759DA9-CEF3-4792-9848-2DC9E04FF60C}
		{A740696A-577E-4451-81D9-AEBFD0BDE301} = {87E18D1F-C807-42CA-B2E3-413EC8CB51FC}
		{462601F4-A2C9-4378-A5D6-83DBDE0D4B69} = {87E18D1F-C807-42CA-B2E3-413EC8CB51FC}
		{546B3496-1F15-47EE-8C28-F166AB03C01E} = {713B1DC7-1A87-44EF-BF40-E72836CF8007}
		{8AD42C80-1687-4F9C-85D5-509194E58ED6} = {713B1DC7-1A87-44EF-BF40-E72836CF8007}
		{5AE1F1F6-3EAB-4F2F-8127-EA39BF8315A4} = {713B1DC7-1A87-44EF-BF40-E72836CF8007}
		{ED8BB585-AE4F-4D47-BC09-48D8845ED98B} = {10BF9C43-D441-4DCE-949E-77EB3C838307}
	EndGlobalSection
	GlobalSection(ExtensibilityGlobals) = postSolution
		SolutionGuid = {FA7FF699-DC1A-4496-9041-6F973951FB8E}
	EndGlobalSection
EndGlobal
